// !$*UTF8*$!
{
	archiveVersion = 1;
	classes = {
	};
	objectVersion = 46;
	objects = {

/* Begin PBXBuildFile section */
		DF62F1351F89217F00113836 /* AppDelegate.swift in Sources */ = {isa = PBXBuildFile; fileRef = DF62F1341F89217F00113836 /* AppDelegate.swift */; };
		DF62F1371F89217F00113836 /* SalesViewController.swift in Sources */ = {isa = PBXBuildFile; fileRef = DF62F1361F89217F00113836 /* SalesViewController.swift */; };
		DF62F13A1F89217F00113836 /* Main.storyboard in Resources */ = {isa = PBXBuildFile; fileRef = DF62F1381F89217F00113836 /* Main.storyboard */; };
		DF62F13C1F89217F00113836 /* Assets.xcassets in Resources */ = {isa = PBXBuildFile; fileRef = DF62F13B1F89217F00113836 /* Assets.xcassets */; };
		DF62F13F1F89217F00113836 /* LaunchScreen.storyboard in Resources */ = {isa = PBXBuildFile; fileRef = DF62F13D1F89217F00113836 /* LaunchScreen.storyboard */; };
/* End PBXBuildFile section */

/* Begin PBXFileReference section */
		DF62F1311F89217F00113836 /* SaleCalc.app */ = {isa = PBXFileReference; explicitFileType = wrapper.application; includeInIndex = 0; path = SaleCalc.app; sourceTree = BUILT_PRODUCTS_DIR; };
		DF62F1341F89217F00113836 /* AppDelegate.swift */ = {isa = PBXFileReference; lastKnownFileType = sourcecode.swift; path = AppDelegate.swift; sourceTree = "<group>"; };
		DF62F1361F89217F00113836 /* SalesViewController.swift */ = {isa = PBXFileReference; lastKnownFileType = sourcecode.swift; path = SalesViewController.swift; sourceTree = "<group>"; };
		DF62F1391F89217F00113836 /* Base */ = {isa = PBXFileReference; lastKnownFileType = file.storyboard; name = Base; path = Base.lproj/Main.storyboard; sourceTree = "<group>"; };
		DF62F13B1F89217F00113836 /* Assets.xcassets */ = {isa = PBXFileReference; lastKnownFileType = folder.assetcatalog; path = Assets.xcassets; sourceTree = "<group>"; };
		DF62F13E1F89217F00113836 /* Base */ = {isa = PBXFileReference; lastKnownFileType = file.storyboard; name = Base; path = Base.lproj/LaunchScreen.storyboard; sourceTree = "<group>"; };
		DF62F1401F89217F00113836 /* Info.plist */ = {isa = PBXFileReference; lastKnownFileType = text.plist.xml; path = Info.plist; sourceTree = "<group>"; };
/* End PBXFileReference section */

/* Begin PBXFrameworksBuildPhase section */
		DF62F12E1F89217F00113836 /* Frameworks */ = {
			isa = PBXFrameworksBuildPhase;
			buildActionMask = 2147483647;
			files = (
			);
			runOnlyForDeploymentPostprocessing = 0;
		};
/* End PBXFrameworksBuildPhase section */

/* Begin PBXGroup section */
		DF62F1281F89217F00113836 = {
			isa = PBXGroup;
			children = (
				DF62F1331F89217F00113836 /* SaleCalc */,
				DF62F1321F89217F00113836 /* Products */,
			);
			sourceTree = "<group>";
		};
		DF62F1321F89217F00113836 /* Products */ = {
			isa = PBXGroup;
			children = (
				DF62F1311F89217F00113836 /* SaleCalc.app */,
			);
			name = Products;
			sourceTree = "<group>";
		};
		DF62F1331F89217F00113836 /* SaleCalc */ = {
			isa = PBXGroup;
			children = (
				DF62F1341F89217F00113836 /* AppDelegate.swift */,
				DF62F1361F89217F00113836 /* SalesViewController.swift */,
				DF62F1381F89217F00113836 /* Main.storyboard */,
				DF62F13B1F89217F00113836 /* Assets.xcassets */,
				DF62F13D1F89217F00113836 /* LaunchScreen.storyboard */,
				DF62F1401F89217F00113836 /* Info.plist */,
			);
			path = SaleCalc;
			sourceTree = "<group>";
		};
/* End PBXGroup section */

/* Begin PBXNativeTarget section */
		DF62F1301F89217F00113836 /* SaleCalc */ = {
			isa = PBXNativeTarget;
			buildConfigurationList = DF62F1431F89217F00113836 /* Build configuration list for PBXNativeTarget "SaleCalc" */;
			buildPhases = (
				DF62F12D1F89217F00113836 /* Sources */,
				DF62F12E1F89217F00113836 /* Frameworks */,
				DF62F12F1F89217F00113836 /* Resources */,
			);
			buildRules = (
			);
			dependencies = (
			);
			name = SaleCalc;
			productName = SaleCalc;
			productReference = DF62F1311F89217F00113836 /* SaleCalc.app */;
			productType = "com.apple.product-type.application";
		};
/* End PBXNativeTarget section */

/* Begin PBXProject section */
		DF62F1291F89217F00113836 /* Project object */ = {
			isa = PBXProject;
			attributes = {
				LastSwiftUpdateCheck = 0830;
				LastUpgradeCheck = 0830;
				ORGANIZATIONNAME = "Jose Canizares";
				TargetAttributes = {
					DF62F1301F89217F00113836 = {
						CreatedOnToolsVersion = 8.3.3;
						DevelopmentTeam = N4H238ZMS2;
						ProvisioningStyle = Automatic;
					};
				};
			};
			buildConfigurationList = DF62F12C1F89217F00113836 /* Build configuration list for PBXProject "SaleCalc" */;
			compatibilityVersion = "Xcode 3.2";
			developmentRegion = English;
			hasScannedForEncodings = 0;
			knownRegions = (
				en,
				Base,
			);
			mainGroup = DF62F1281F89217F00113836;
			productRefGroup = DF62F1321F89217F00113836 /* Products */;
			projectDirPath = "";
			projectRoot = "";
			targets = (
				DF62F1301F89217F00113836 /* SaleCalc */,
			);
		};
/* End PBXProject section */

/* Begin PBXResourcesBuildPhase section */
		DF62F12F1F89217F00113836 /* Resources */ = {
			isa = PBXResourcesBuildPhase;
			buildActionMask = 2147483647;
			files = (
				DF62F13F1F89217F00113836 /* LaunchScreen.storyboard in Resources */,
				DF62F13C1F89217F00113836 /* Assets.xcassets in Resources */,
				DF62F13A1F89217F00113836 /* Main.storyboard in Resources */,
			);
			runOnlyForDeploymentPostprocessing = 0;
		};
/* End PBXResourcesBuildPhase section */

/* Begin PBXSourcesBuildPhase section */
		DF62F12D1F89217F00113836 /* Sources */ = {
			isa = PBXSourcesBuildPhase;
			buildActionMask = 2147483647;
			files = (
				DF62F1371F89217F00113836 /* SalesViewController.swift in Sources */,
				DF62F1351F89217F00113836 /* AppDelegate.swift in Sources */,
			);
			runOnlyForDeploymentPostprocessing = 0;
		};
/* End PBXSourcesBuildPhase section */

/* Begin PBXVariantGroup section */
		DF62F1381F89217F00113836 /* Main.storyboard */ = {
			isa = PBXVariantGroup;
			children = (
				DF62F1391F89217F00113836 /* Base */,
			);
			name = Main.storyboard;
			sourceTree = "<group>";
		};
		DF62F13D1F89217F00113836 /* LaunchScreen.storyboard */ = {
			isa = PBXVariantGroup;
			children = (
				DF62F13E1F89217F00113836 /* Base */,
			);
			name = LaunchScreen.storyboard;
			sourceTree = "<group>";
		};
/* End PBXVariantGroup section */

/* Begin XCBuildConfiguration section */
		DF62F1411F89217F00113836 /* Debug */ = {
			isa = XCBuildConfiguration;
			buildSettings = {
				ALWAYS_SEARCH_USER_PATHS = NO;
				CLANG_ANALYZER_NONNULL = YES;
				CLANG_ANALYZER_NUMBER_OBJECT_CONVERSION = YES_AGGRESSIVE;
				CLANG_CXX_LANGUAGE_STANDARD = "gnu++0x";
				CLANG_CXX_LIBRARY = "libc++";
				CLANG_ENABLE_MODULES = YES;
				CLANG_ENABLE_OBJC_ARC = YES;
				CLANG_WARN_BOOL_CONVERSION = YES;
				CLANG_WARN_CONSTANT_CONVERSION = YES;
				CLANG_WARN_DIRECT_OBJC_ISA_USAGE = YES_ERROR;
				CLANG_WARN_DOCUMENTATION_COMMENTS = YES;
				CLANG_WARN_EMPTY_BODY = YES;
				CLANG_WARN_ENUM_CONVERSION = YES;
				CLANG_WARN_INFINITE_RECURSION = YES;
				CLANG_WARN_INT_CONVERSION = YES;
				CLANG_WARN_OBJC_ROOT_CLASS = YES_ERROR;
				CLANG_WARN_SUSPICIOUS_MOVE = YES;
				CLANG_WARN_UNREACHABLE_CODE = YES;
				CLANG_WARN__DUPLICATE_METHOD_MATCH = YES;
				"CODE_SIGN_IDENTITY[sdk=iphoneos*]" = "iPhone Developer";
				COPY_PHASE_STRIP = NO;
				DEBUG_INFORMATION_FORMAT = dwarf;
				ENABLE_STRICT_OBJC_MSGSEND = YES;
				ENABLE_TESTABILITY = YES;
				GCC_C_LANGUAGE_STANDARD = gnu99;
				GCC_DYNAMIC_NO_PIC = NO;
				GCC_NO_COMMON_BLOCKS = YES;
				GCC_OPTIMIZATION_LEVEL = 0;
				GCC_PREPROCESSOR_DEFINITIONS = (
					"DEBUG=1",
					"$(inherited)",
				);
				GCC_WARN_64_TO_32_BIT_CONVERSION = YES;
				GCC_WARN_ABOUT_RETURN_TYPE = YES_ERROR;
				GCC_WARN_UNDECLARED_SELECTOR = YES;
				GCC_WARN_UNINITIALIZED_AUTOS = YES_AGGRESSIVE;
				GCC_WARN_UNUSED_FUNCTION = YES;
				GCC_WARN_UNUSED_VARIABLE = YES;
				IPHONEOS_DEPLOYMENT_TARGET = 10.3;
				MTL_ENABLE_DEBUG_INFO = YES;
				ONLY_ACTIVE_ARCH = YES;
				SDKROOT = iphoneos;
				SWIFT_ACTIVE_COMPILATION_CONDITIONS = DEBUG;
				SWIFT_OPTIMIZATION_LEVEL = "-Onone";
			};
			name = Debug;
		};
		DF62F1421F89217F00113836 /* Release */ = {
			isa = XCBuildConfiguration;
			buildSettings = {
				ALWAYS_SEARCH_USER_PATHS = NO;
				CLANG_ANALYZER_NONNULL = YES;
				CLANG_ANALYZER_NUMBER_OBJECT_CONVERSION = YES_AGGRESSIVE;
				CLANG_CXX_LANGUAGE_STANDARD = "gnu++0x";
				CLANG_CXX_LIBRARY = "libc++";
				CLANG_ENABLE_MODULES = YES;
				CLANG_ENABLE_OBJC_ARC = YES;
				CLANG_WARN_BOOL_CONVERSION = YES;
				CLANG_WARN_CONSTANT_CONVERSION = YES;
				CLANG_WARN_DIRECT_OBJC_ISA_USAGE = YES_ERROR;
				CLANG_WARN_DOCUMENTATION_COMMENTS = YES;
				CLANG_WARN_EMPTY_BODY = YES;
				CLANG_WARN_ENUM_CONVERSION = YES;
				CLANG_WARN_INFINITE_RECURSION = YES;
				CLANG_WARN_INT_CONVERSION = YES;
				CLANG_WARN_OBJC_ROOT_CLASS = YES_ERROR;
				CLANG_WARN_SUSPICIOUS_MOVE = YES;
				CLANG_WARN_UNREACHABLE_CODE = YES;
				CLANG_WARN__DUPLICATE_METHOD_MATCH = YES;
				"CODE_SIGN_IDENTITY[sdk=iphoneos*]" = "iPhone Developer";
				COPY_PHASE_STRIP = NO;
				DEBUG_INFORMATION_FORMAT = "dwarf-with-dsym";
				ENABLE_NS_ASSERTIONS = NO;
				ENABLE_STRICT_OBJC_MSGSEND = YES;
				GCC_C_LANGUAGE_STANDARD = gnu99;
				GCC_NO_COMMON_BLOCKS = YES;
				GCC_WARN_64_TO_32_BIT_CONVERSION = YES;
				GCC_WARN_ABOUT_RETURN_TYPE = YES_ERROR;
				GCC_WARN_UNDECLARED_SELECTOR = YES;
				GCC_WARN_UNINITIALIZED_AUTOS = YES_AGGRESSIVE;
				GCC_WARN_UNUSED_FUNCTION = YES;
				GCC_WARN_UNUSED_VARIABLE = YES;
				IPHONEOS_DEPLOYMENT_TARGET = 10.3;
				MTL_ENABLE_DEBUG_INFO = NO;
				SDKROOT = iphoneos;
				SWIFT_OPTIMIZATION_LEVEL = "-Owholemodule";
				VALIDATE_PRODUCT = YES;
			};
			name = Release;
		};
		DF62F1441F89217F00113836 /* Debug */ = {
			isa = XCBuildConfiguration;
			buildSettings = {
				ASSETCATALOG_COMPILER_APPICON_NAME = AppIcon;
				DEVELOPMENT_TEAM = N4H238ZMS2;
				INFOPLIST_FILE = SaleCalc/Info.plist;
				LD_RUNPATH_SEARCH_PATHS = "$(inherited) @executable_path/Frameworks";
				PRODUCT_BUNDLE_IDENTIFIER = SaleCalc;
				PRODUCT_NAME = "$(TARGET_NAME)";
				SWIFT_VERSION = 3.0;
			};
			name = Debug;
		};
		DF62F1451F89217F00113836 /* Release */ = {
			isa = XCBuildConfiguration;
			buildSettings = {
				ASSETCATALOG_COMPILER_APPICON_NAME = AppIcon;
				DEVELOPMENT_TEAM = N4H238ZMS2;
				INFOPLIST_FILE = SaleCalc/Info.plist;
				LD_RUNPATH_SEARCH_PATHS = "$(inherited) @executable_path/Frameworks";
				PRODUCT_BUNDLE_IDENTIFIER = SaleCalc;
				PRODUCT_NAME = "$(TARGET_NAME)";
				SWIFT_VERSION = 3.0;
			};
			name = Release;
		};
/* End XCBuildConfiguration section */

/* Begin XCConfigurationList section */
		DF62F12C1F89217F00113836 /* Build configuration list for PBXProject "SaleCalc" */ = {
			isa = XCConfigurationList;
			buildConfigurations = (
				DF62F1411F89217F00113836 /* Debug */,
				DF62F1421F89217F00113836 /* Release */,
			);
			defaultConfigurationIsVisible = 0;
			defaultConfigurationName = Release;
		};
		DF62F1431F89217F00113836 /* Build configuration list for PBXNativeTarget "SaleCalc" */ = {
			isa = XCConfigurationList;
			buildConfigurations = (
				DF62F1441F89217F00113836 /* Debug */,
				DF62F1451F89217F00113836 /* Release */,
			);
			defaultConfigurationIsVisible = 0;
			defaultConfigurationName = Release;
		};
/* End XCConfigurationList section */
	};
	rootObject = DF62F1291F89217F00113836 /* Project object */;
}
