// !$*UTF8*$!
{
	archiveVersion = 1;
	classes = {
	};
	objectVersion = 46;
	objects = {

/* Begin PBXBuildFile section */
		DF0ACEE21F95D91A0078FCE5 /* AddListItemViewController.swift in Sources */ = {isa = PBXBuildFile; fileRef = DF0ACEE11F95D91A0078FCE5 /* AddListItemViewController.swift */; };
		DF5F02DE1F95457D00AC899A /* HayStackSearchBar.swift in Sources */ = {isa = PBXBuildFile; fileRef = DF5F02DD1F95457D00AC899A /* HayStackSearchBar.swift */; };
		DF69E0151F95C16C000AFE3B /* ListItemCollectionViewCell.swift in Sources */ = {isa = PBXBuildFile; fileRef = DF69E0141F95C16C000AFE3B /* ListItemCollectionViewCell.swift */; };
		DFB7FBE31F95AFE500CC84E4 /* ListViewController.swift in Sources */ = {isa = PBXBuildFile; fileRef = DFB7FBE21F95AFE500CC84E4 /* ListViewController.swift */; };
		DFCD40261F943F4F00A90D78 /* AppDelegate.swift in Sources */ = {isa = PBXBuildFile; fileRef = DFCD40251F943F4F00A90D78 /* AppDelegate.swift */; };
		DFCD40281F943F4F00A90D78 /* HayStackViewController.swift in Sources */ = {isa = PBXBuildFile; fileRef = DFCD40271F943F4F00A90D78 /* HayStackViewController.swift */; };
		DFCD402B1F943F4F00A90D78 /* Main.storyboard in Resources */ = {isa = PBXBuildFile; fileRef = DFCD40291F943F4F00A90D78 /* Main.storyboard */; };
		DFCD402D1F943F4F00A90D78 /* Assets.xcassets in Resources */ = {isa = PBXBuildFile; fileRef = DFCD402C1F943F4F00A90D78 /* Assets.xcassets */; };
		DFCD40301F943F4F00A90D78 /* LaunchScreen.storyboard in Resources */ = {isa = PBXBuildFile; fileRef = DFCD402E1F943F4F00A90D78 /* LaunchScreen.storyboard */; };
		DFCD40381F94491B00A90D78 /* HayStackCollectionViewCell.swift in Sources */ = {isa = PBXBuildFile; fileRef = DFCD40371F94491B00A90D78 /* HayStackCollectionViewCell.swift */; };
		DFCD403A1F94671C00A90D78 /* AddNewListViewController.swift in Sources */ = {isa = PBXBuildFile; fileRef = DFCD40391F94671C00A90D78 /* AddNewListViewController.swift */; };
/* End PBXBuildFile section */

/* Begin PBXFileReference section */
		DF0ACEE11F95D91A0078FCE5 /* AddListItemViewController.swift */ = {isa = PBXFileReference; fileEncoding = 4; lastKnownFileType = sourcecode.swift; path = AddListItemViewController.swift; sourceTree = "<group>"; };
		DF5F02DD1F95457D00AC899A /* HayStackSearchBar.swift */ = {isa = PBXFileReference; fileEncoding = 4; lastKnownFileType = sourcecode.swift; name = HayStackSearchBar.swift; path = ../HayStackSearchBar.swift; sourceTree = "<group>"; };
		DF69E0141F95C16C000AFE3B /* ListItemCollectionViewCell.swift */ = {isa = PBXFileReference; fileEncoding = 4; lastKnownFileType = sourcecode.swift; path = ListItemCollectionViewCell.swift; sourceTree = "<group>"; };
		DFB7FBE21F95AFE500CC84E4 /* ListViewController.swift */ = {isa = PBXFileReference; fileEncoding = 4; lastKnownFileType = sourcecode.swift; path = ListViewController.swift; sourceTree = "<group>"; };
		DFCD40221F943F4F00A90D78 /* Haystack.app */ = {isa = PBXFileReference; explicitFileType = wrapper.application; includeInIndex = 0; path = Haystack.app; sourceTree = BUILT_PRODUCTS_DIR; };
		DFCD40251F943F4F00A90D78 /* AppDelegate.swift */ = {isa = PBXFileReference; lastKnownFileType = sourcecode.swift; path = AppDelegate.swift; sourceTree = "<group>"; };
		DFCD40271F943F4F00A90D78 /* HayStackViewController.swift */ = {isa = PBXFileReference; lastKnownFileType = sourcecode.swift; path = HayStackViewController.swift; sourceTree = "<group>"; };
		DFCD402A1F943F4F00A90D78 /* Base */ = {isa = PBXFileReference; lastKnownFileType = file.storyboard; name = Base; path = Base.lproj/Main.storyboard; sourceTree = "<group>"; };
		DFCD402C1F943F4F00A90D78 /* Assets.xcassets */ = {isa = PBXFileReference; lastKnownFileType = folder.assetcatalog; path = Assets.xcassets; sourceTree = "<group>"; };
		DFCD402F1F943F4F00A90D78 /* Base */ = {isa = PBXFileReference; lastKnownFileType = file.storyboard; name = Base; path = Base.lproj/LaunchScreen.storyboard; sourceTree = "<group>"; };
		DFCD40311F943F4F00A90D78 /* Info.plist */ = {isa = PBXFileReference; lastKnownFileType = text.plist.xml; path = Info.plist; sourceTree = "<group>"; };
		DFCD40371F94491B00A90D78 /* HayStackCollectionViewCell.swift */ = {isa = PBXFileReference; fileEncoding = 4; lastKnownFileType = sourcecode.swift; path = HayStackCollectionViewCell.swift; sourceTree = "<group>"; };
		DFCD40391F94671C00A90D78 /* AddNewListViewController.swift */ = {isa = PBXFileReference; fileEncoding = 4; lastKnownFileType = sourcecode.swift; path = AddNewListViewController.swift; sourceTree = "<group>"; };
/* End PBXFileReference section */

/* Begin PBXFrameworksBuildPhase section */
		DFCD401F1F943F4F00A90D78 /* Frameworks */ = {
			isa = PBXFrameworksBuildPhase;
			buildActionMask = 2147483647;
			files = (
			);
			runOnlyForDeploymentPostprocessing = 0;
		};
/* End PBXFrameworksBuildPhase section */

/* Begin PBXGroup section */
		DFCD40191F943F4F00A90D78 = {
			isa = PBXGroup;
			children = (
				DFCD40241F943F4F00A90D78 /* Haystack */,
				DFCD40231F943F4F00A90D78 /* Products */,
			);
			sourceTree = "<group>";
		};
		DFCD40231F943F4F00A90D78 /* Products */ = {
			isa = PBXGroup;
			children = (
				DFCD40221F943F4F00A90D78 /* Haystack.app */,
			);
			name = Products;
			sourceTree = "<group>";
		};
		DFCD40241F943F4F00A90D78 /* Haystack */ = {
			isa = PBXGroup;
			children = (
				DF5F02DD1F95457D00AC899A /* HayStackSearchBar.swift */,
				DFCD40251F943F4F00A90D78 /* AppDelegate.swift */,
				DFCD40271F943F4F00A90D78 /* HayStackViewController.swift */,
				DFCD40371F94491B00A90D78 /* HayStackCollectionViewCell.swift */,
				DFCD40391F94671C00A90D78 /* AddNewListViewController.swift */,
				DFB7FBE21F95AFE500CC84E4 /* ListViewController.swift */,
				DF69E0141F95C16C000AFE3B /* ListItemCollectionViewCell.swift */,
				DF0ACEE11F95D91A0078FCE5 /* AddListItemViewController.swift */,
				DFCD40291F943F4F00A90D78 /* Main.storyboard */,
				DFCD402C1F943F4F00A90D78 /* Assets.xcassets */,
				DFCD402E1F943F4F00A90D78 /* LaunchScreen.storyboard */,
				DFCD40311F943F4F00A90D78 /* Info.plist */,
			);
			path = Haystack;
			sourceTree = "<group>";
		};
/* End PBXGroup section */

/* Begin PBXNativeTarget section */
		DFCD40211F943F4F00A90D78 /* Haystack */ = {
			isa = PBXNativeTarget;
			buildConfigurationList = DFCD40341F943F4F00A90D78 /* Build configuration list for PBXNativeTarget "Haystack" */;
			buildPhases = (
				DFCD401E1F943F4F00A90D78 /* Sources */,
				DFCD401F1F943F4F00A90D78 /* Frameworks */,
				DFCD40201F943F4F00A90D78 /* Resources */,
			);
			buildRules = (
			);
			dependencies = (
			);
			name = Haystack;
			productName = Haystack;
			productReference = DFCD40221F943F4F00A90D78 /* Haystack.app */;
			productType = "com.apple.product-type.application";
		};
/* End PBXNativeTarget section */

/* Begin PBXProject section */
		DFCD401A1F943F4F00A90D78 /* Project object */ = {
			isa = PBXProject;
			attributes = {
				LastSwiftUpdateCheck = 0830;
				LastUpgradeCheck = 0830;
				ORGANIZATIONNAME = "Jose Canizares";
				TargetAttributes = {
					DFCD40211F943F4F00A90D78 = {
						CreatedOnToolsVersion = 8.3.3;
						DevelopmentTeam = N4H238ZMS2;
						ProvisioningStyle = Automatic;
					};
				};
			};
			buildConfigurationList = DFCD401D1F943F4F00A90D78 /* Build configuration list for PBXProject "Haystack" */;
			compatibilityVersion = "Xcode 3.2";
			developmentRegion = English;
			hasScannedForEncodings = 0;
			knownRegions = (
				en,
				Base,
			);
			mainGroup = DFCD40191F943F4F00A90D78;
			productRefGroup = DFCD40231F943F4F00A90D78 /* Products */;
			projectDirPath = "";
			projectRoot = "";
			targets = (
				DFCD40211F943F4F00A90D78 /* Haystack */,
			);
		};
/* End PBXProject section */

/* Begin PBXResourcesBuildPhase section */
		DFCD40201F943F4F00A90D78 /* Resources */ = {
			isa = PBXResourcesBuildPhase;
			buildActionMask = 2147483647;
			files = (
				DFCD40301F943F4F00A90D78 /* LaunchScreen.storyboard in Resources */,
				DFCD402D1F943F4F00A90D78 /* Assets.xcassets in Resources */,
				DFCD402B1F943F4F00A90D78 /* Main.storyboard in Resources */,
			);
			runOnlyForDeploymentPostprocessing = 0;
		};
/* End PBXResourcesBuildPhase section */

/* Begin PBXSourcesBuildPhase section */
		DFCD401E1F943F4F00A90D78 /* Sources */ = {
			isa = PBXSourcesBuildPhase;
			buildActionMask = 2147483647;
			files = (
				DF69E0151F95C16C000AFE3B /* ListItemCollectionViewCell.swift in Sources */,
				DFCD403A1F94671C00A90D78 /* AddNewListViewController.swift in Sources */,
				DF5F02DE1F95457D00AC899A /* HayStackSearchBar.swift in Sources */,
				DFB7FBE31F95AFE500CC84E4 /* ListViewController.swift in Sources */,
				DFCD40281F943F4F00A90D78 /* HayStackViewController.swift in Sources */,
				DF0ACEE21F95D91A0078FCE5 /* AddListItemViewController.swift in Sources */,
				DFCD40261F943F4F00A90D78 /* AppDelegate.swift in Sources */,
				DFCD40381F94491B00A90D78 /* HayStackCollectionViewCell.swift in Sources */,
			);
			runOnlyForDeploymentPostprocessing = 0;
		};
/* End PBXSourcesBuildPhase section */

/* Begin PBXVariantGroup section */
		DFCD40291F943F4F00A90D78 /* Main.storyboard */ = {
			isa = PBXVariantGroup;
			children = (
				DFCD402A1F943F4F00A90D78 /* Base */,
			);
			name = Main.storyboard;
			sourceTree = "<group>";
		};
		DFCD402E1F943F4F00A90D78 /* LaunchScreen.storyboard */ = {
			isa = PBXVariantGroup;
			children = (
				DFCD402F1F943F4F00A90D78 /* Base */,
			);
			name = LaunchScreen.storyboard;
			sourceTree = "<group>";
		};
/* End PBXVariantGroup section */

/* Begin XCBuildConfiguration section */
		DFCD40321F943F4F00A90D78 /* Debug */ = {
			isa = XCBuildConfiguration;
			buildSettings = {
				ALWAYS_SEARCH_USER_PATHS = NO;
				CLANG_ANALYZER_NONNULL = YES;
				CLANG_ANALYZER_NUMBER_OBJECT_CONVERSION = YES_AGGRESSIVE;
				CLANG_CXX_LANGUAGE_STANDARD = "gnu++0x";
				CLANG_CXX_LIBRARY = "libc++";
				CLANG_ENABLE_MODULES = YES;
				CLANG_ENABLE_OBJC_ARC = YES;
				CLANG_WARN_BOOL_CONVERSION = YES;
				CLANG_WARN_CONSTANT_CONVERSION = YES;
				CLANG_WARN_DIRECT_OBJC_ISA_USAGE = YES_ERROR;
				CLANG_WARN_DOCUMENTATION_COMMENTS = YES;
				CLANG_WARN_EMPTY_BODY = YES;
				CLANG_WARN_ENUM_CONVERSION = YES;
				CLANG_WARN_INFINITE_RECURSION = YES;
				CLANG_WARN_INT_CONVERSION = YES;
				CLANG_WARN_OBJC_ROOT_CLASS = YES_ERROR;
				CLANG_WARN_SUSPICIOUS_MOVE = YES;
				CLANG_WARN_UNREACHABLE_CODE = YES;
				CLANG_WARN__DUPLICATE_METHOD_MATCH = YES;
				"CODE_SIGN_IDENTITY[sdk=iphoneos*]" = "iPhone Developer";
				COPY_PHASE_STRIP = NO;
				DEBUG_INFORMATION_FORMAT = dwarf;
				ENABLE_STRICT_OBJC_MSGSEND = YES;
				ENABLE_TESTABILITY = YES;
				GCC_C_LANGUAGE_STANDARD = gnu99;
				GCC_DYNAMIC_NO_PIC = NO;
				GCC_NO_COMMON_BLOCKS = YES;
				GCC_OPTIMIZATION_LEVEL = 0;
				GCC_PREPROCESSOR_DEFINITIONS = (
					"DEBUG=1",
					"$(inherited)",
				);
				GCC_WARN_64_TO_32_BIT_CONVERSION = YES;
				GCC_WARN_ABOUT_RETURN_TYPE = YES_ERROR;
				GCC_WARN_UNDECLARED_SELECTOR = YES;
				GCC_WARN_UNINITIALIZED_AUTOS = YES_AGGRESSIVE;
				GCC_WARN_UNUSED_FUNCTION = YES;
				GCC_WARN_UNUSED_VARIABLE = YES;
				IPHONEOS_DEPLOYMENT_TARGET = 10.3;
				MTL_ENABLE_DEBUG_INFO = YES;
				ONLY_ACTIVE_ARCH = YES;
				SDKROOT = iphoneos;
				SWIFT_ACTIVE_COMPILATION_CONDITIONS = DEBUG;
				SWIFT_OPTIMIZATION_LEVEL = "-Onone";
			};
			name = Debug;
		};
		DFCD40331F943F4F00A90D78 /* Release */ = {
			isa = XCBuildConfiguration;
			buildSettings = {
				ALWAYS_SEARCH_USER_PATHS = NO;
				CLANG_ANALYZER_NONNULL = YES;
				CLANG_ANALYZER_NUMBER_OBJECT_CONVERSION = YES_AGGRESSIVE;
				CLANG_CXX_LANGUAGE_STANDARD = "gnu++0x";
				CLANG_CXX_LIBRARY = "libc++";
				CLANG_ENABLE_MODULES = YES;
				CLANG_ENABLE_OBJC_ARC = YES;
				CLANG_WARN_BOOL_CONVERSION = YES;
				CLANG_WARN_CONSTANT_CONVERSION = YES;
				CLANG_WARN_DIRECT_OBJC_ISA_USAGE = YES_ERROR;
				CLANG_WARN_DOCUMENTATION_COMMENTS = YES;
				CLANG_WARN_EMPTY_BODY = YES;
				CLANG_WARN_ENUM_CONVERSION = YES;
				CLANG_WARN_INFINITE_RECURSION = YES;
				CLANG_WARN_INT_CONVERSION = YES;
				CLANG_WARN_OBJC_ROOT_CLASS = YES_ERROR;
				CLANG_WARN_SUSPICIOUS_MOVE = YES;
				CLANG_WARN_UNREACHABLE_CODE = YES;
				CLANG_WARN__DUPLICATE_METHOD_MATCH = YES;
				"CODE_SIGN_IDENTITY[sdk=iphoneos*]" = "iPhone Developer";
				COPY_PHASE_STRIP = NO;
				DEBUG_INFORMATION_FORMAT = "dwarf-with-dsym";
				ENABLE_NS_ASSERTIONS = NO;
				ENABLE_STRICT_OBJC_MSGSEND = YES;
				GCC_C_LANGUAGE_STANDARD = gnu99;
				GCC_NO_COMMON_BLOCKS = YES;
				GCC_WARN_64_TO_32_BIT_CONVERSION = YES;
				GCC_WARN_ABOUT_RETURN_TYPE = YES_ERROR;
				GCC_WARN_UNDECLARED_SELECTOR = YES;
				GCC_WARN_UNINITIALIZED_AUTOS = YES_AGGRESSIVE;
				GCC_WARN_UNUSED_FUNCTION = YES;
				GCC_WARN_UNUSED_VARIABLE = YES;
				IPHONEOS_DEPLOYMENT_TARGET = 10.3;
				MTL_ENABLE_DEBUG_INFO = NO;
				SDKROOT = iphoneos;
				SWIFT_OPTIMIZATION_LEVEL = "-Owholemodule";
				VALIDATE_PRODUCT = YES;
			};
			name = Release;
		};
		DFCD40351F943F4F00A90D78 /* Debug */ = {
			isa = XCBuildConfiguration;
			buildSettings = {
				ASSETCATALOG_COMPILER_APPICON_NAME = AppIcon;
				DEVELOPMENT_TEAM = N4H238ZMS2;
				INFOPLIST_FILE = Haystack/Info.plist;
				LD_RUNPATH_SEARCH_PATHS = "$(inherited) @executable_path/Frameworks";
				PRODUCT_BUNDLE_IDENTIFIER = josecanizares.Haystack;
				PRODUCT_NAME = "$(TARGET_NAME)";
				SWIFT_VERSION = 3.0;
			};
			name = Debug;
		};
		DFCD40361F943F4F00A90D78 /* Release */ = {
			isa = XCBuildConfiguration;
			buildSettings = {
				ASSETCATALOG_COMPILER_APPICON_NAME = AppIcon;
				DEVELOPMENT_TEAM = N4H238ZMS2;
				INFOPLIST_FILE = Haystack/Info.plist;
				LD_RUNPATH_SEARCH_PATHS = "$(inherited) @executable_path/Frameworks";
				PRODUCT_BUNDLE_IDENTIFIER = josecanizares.Haystack;
				PRODUCT_NAME = "$(TARGET_NAME)";
				SWIFT_VERSION = 3.0;
			};
			name = Release;
		};
/* End XCBuildConfiguration section */

/* Begin XCConfigurationList section */
		DFCD401D1F943F4F00A90D78 /* Build configuration list for PBXProject "Haystack" */ = {
			isa = XCConfigurationList;
			buildConfigurations = (
				DFCD40321F943F4F00A90D78 /* Debug */,
				DFCD40331F943F4F00A90D78 /* Release */,
			);
			defaultConfigurationIsVisible = 0;
			defaultConfigurationName = Release;
		};
		DFCD40341F943F4F00A90D78 /* Build configuration list for PBXNativeTarget "Haystack" */ = {
			isa = XCConfigurationList;
			buildConfigurations = (
				DFCD40351F943F4F00A90D78 /* Debug */,
				DFCD40361F943F4F00A90D78 /* Release */,
			);
			defaultConfigurationIsVisible = 0;
			defaultConfigurationName = Release;
		};
/* End XCConfigurationList section */
	};
	rootObject = DFCD401A1F943F4F00A90D78 /* Project object */;
}
